{
	"name": "@verifico/web-api",
	"version": "1.0.1",
	"lockfileVersion": 2,
	"requires": true,
	"packages": {
		"": {
			"name": "@verifico/web-api",
			"version": "1.0.1",
			"dependencies": {
				"@verifico/base-api": "^1.0.2",
				"@verifico/web-util": "^1.0.4"
			}
		},
		"node_modules/@verifico/base-api": {
			"version": "1.0.2",
			"resolved": "https://registry.npmjs.org/@verifico/base-api/-/base-api-1.0.2.tgz",
			"integrity": "sha512-UzU3XWa0c2bOkY03P3btP3Ap3IRAzyiV8RBVMg1b5bWnJQs8oZnuF9LQk9BTwIqQp1J03ZZ5OVXyg/lqa5SrGw=="
		},
		"node_modules/@verifico/web-util": {
			"version": "1.0.4",
			"resolved": "https://registry.npmjs.org/@verifico/web-util/-/web-util-1.0.4.tgz",
			"integrity": "sha512-PsFH3YZYndIETOW9swr06HwNTxOJXwpmK5DKWvMX97Sl6nUUKTftdZus3eORe4nqAi4Zvrg5Itzf36rUwfIznw=="
		}
	},
	"dependencies": {
		"@verifico/base-api": {
			"version": "1.0.2",
			"resolved": "https://registry.npmjs.org/@verifico/base-api/-/base-api-1.0.2.tgz",
			"integrity": "sha512-UzU3XWa0c2bOkY03P3btP3Ap3IRAzyiV8RBVMg1b5bWnJQs8oZnuF9LQk9BTwIqQp1J03ZZ5OVXyg/lqa5SrGw=="
		},
		"@verifico/web-util": {
			"version": "1.0.4",
			"resolved": "https://registry.npmjs.org/@verifico/web-util/-/web-util-1.0.4.tgz",
			"integrity": "sha512-PsFH3YZYndIETOW9swr06HwNTxOJXwpmK5DKWvMX97Sl6nUUKTftdZus3eORe4nqAi4Zvrg5Itzf36rUwfIznw=="
		}
	}
}
